
Microsoft Visual Studio Solution File, Format Version 12.00
# Visual Studio Version 16
VisualStudioVersion = 16.0.29102.190
MinimumVisualStudioVersion = 10.0.40219.1
Project("{2150E333-8FDC-42A3-9474-1A3956D46DE8}") = "0 - Presentation", "0 - Presentation", "{D417CEE6-5820-4FC1-AC1A-F71C6E493D8A}"
EndProject
Project("{2150E333-8FDC-42A3-9474-1A3956D46DE8}") = "1 - Services", "1 - Services", "{70545A64-5654-44BE-8DBC-836EF7635F1F}"
EndProject
Project("{2150E333-8FDC-42A3-9474-1A3956D46DE8}") = "2 - Application", "2 - Application", "{D729FB78-F880-4E84-A728-5A59D1834965}"
EndProject
Project("{2150E333-8FDC-42A3-9474-1A3956D46DE8}") = "3 - Domain", "3 - Domain", "{A3C60E28-9A22-4349-8D72-23C45B695D69}"
EndProject
Project("{2150E333-8FDC-42A3-9474-1A3956D46DE8}") = "4 - Infra", "4 - Infra", "{DFD57881-498F-441B-975F-13C47FB4CC0F}"
EndProject
Project("{2150E333-8FDC-42A3-9474-1A3956D46DE8}") = "4.1 - Data", "4.1 - Data", "{5697E6AC-2756-4CB0-99A8-169D629C51E2}"
EndProject
Project("{2150E333-8FDC-42A3-9474-1A3956D46DE8}") = "4.2 - Crosscutting", "4.2 - Crosscutting", "{5E9A3231-90EE-4EF2-A850-0392450F3659}"
EndProject
Project("{9A19103F-16F7-4668-BE54-9A1E7A4F7556}") = "FS.DDDTop.Domain", "FS.DDDTop.Domain\FS.DDDTop.Domain.csproj", "{6490C8C3-0DD1-4B33-AA75-2DAA3108351D}"
EndProject
Project("{9A19103F-16F7-4668-BE54-9A1E7A4F7556}") = "FS.DDDTop.Infra.Data", "FS.DDDTop.Infra.Data\FS.DDDTop.Infra.Data.csproj", "{90599FD2-A924-45DE-9203-2AD00166F495}"
EndProject
Project("{9A19103F-16F7-4668-BE54-9A1E7A4F7556}") = "FS.DDDTop.Application", "FS.DDDTop.Application\FS.DDDTop.Application.csproj", "{05CD72A2-1119-4C76-BCAF-F2926271EEFF}"
EndProject
Project("{2150E333-8FDC-42A3-9474-1A3956D46DE8}") = "Solution Items", "Solution Items", "{01F93FBD-0C08-4091-9554-BEB8C81DA8C9}"
	ProjectSection(SolutionItems) = preProject
		README.md = README.md
	EndProjectSection
EndProject
Project("{FAE04EC0-301F-11D3-BF4B-00C04F79EFBC}") = "FS.DDDTop.Web", "FS.DDDTop.Web\FS.DDDTop.Web.csproj", "{D766C791-4615-4B91-B0C7-65E2D4FBEE94}"
EndProject
Global
	GlobalSection(SolutionConfigurationPlatforms) = preSolution
		Debug|Any CPU = Debug|Any CPU
		Release|Any CPU = Release|Any CPU
	EndGlobalSection
	GlobalSection(ProjectConfigurationPlatforms) = postSolution
		{6490C8C3-0DD1-4B33-AA75-2DAA3108351D}.Debug|Any CPU.ActiveCfg = Debug|Any CPU
		{6490C8C3-0DD1-4B33-AA75-2DAA3108351D}.Debug|Any CPU.Build.0 = Debug|Any CPU
		{6490C8C3-0DD1-4B33-AA75-2DAA3108351D}.Release|Any CPU.ActiveCfg = Release|Any CPU
		{6490C8C3-0DD1-4B33-AA75-2DAA3108351D}.Release|Any CPU.Build.0 = Release|Any CPU
		{90599FD2-A924-45DE-9203-2AD00166F495}.Debug|Any CPU.ActiveCfg = Debug|Any CPU
		{90599FD2-A924-45DE-9203-2AD00166F495}.Debug|Any CPU.Build.0 = Debug|Any CPU
		{90599FD2-A924-45DE-9203-2AD00166F495}.Release|Any CPU.ActiveCfg = Release|Any CPU
		{90599FD2-A924-45DE-9203-2AD00166F495}.Release|Any CPU.Build.0 = Release|Any CPU
		{05CD72A2-1119-4C76-BCAF-F2926271EEFF}.Debug|Any CPU.ActiveCfg = Debug|Any CPU
		{05CD72A2-1119-4C76-BCAF-F2926271EEFF}.Debug|Any CPU.Build.0 = Debug|Any CPU
		{05CD72A2-1119-4C76-BCAF-F2926271EEFF}.Release|Any CPU.ActiveCfg = Release|Any CPU
		{05CD72A2-1119-4C76-BCAF-F2926271EEFF}.Release|Any CPU.Build.0 = Release|Any CPU
		{D766C791-4615-4B91-B0C7-65E2D4FBEE94}.Debug|Any CPU.ActiveCfg = Debug|Any CPU
		{D766C791-4615-4B91-B0C7-65E2D4FBEE94}.Debug|Any CPU.Build.0 = Debug|Any CPU
		{D766C791-4615-4B91-B0C7-65E2D4FBEE94}.Release|Any CPU.ActiveCfg = Release|Any CPU
		{D766C791-4615-4B91-B0C7-65E2D4FBEE94}.Release|Any CPU.Build.0 = Release|Any CPU
	EndGlobalSection
	GlobalSection(SolutionProperties) = preSolution
		HideSolutionNode = FALSE
	EndGlobalSection
	GlobalSection(NestedProjects) = preSolution
		{5697E6AC-2756-4CB0-99A8-169D629C51E2} = {DFD57881-498F-441B-975F-13C47FB4CC0F}
		{5E9A3231-90EE-4EF2-A850-0392450F3659} = {DFD57881-498F-441B-975F-13C47FB4CC0F}
		{6490C8C3-0DD1-4B33-AA75-2DAA3108351D} = {A3C60E28-9A22-4349-8D72-23C45B695D69}
		{90599FD2-A924-45DE-9203-2AD00166F495} = {5697E6AC-2756-4CB0-99A8-169D629C51E2}
		{05CD72A2-1119-4C76-BCAF-F2926271EEFF} = {D729FB78-F880-4E84-A728-5A59D1834965}
		{D766C791-4615-4B91-B0C7-65E2D4FBEE94} = {D417CEE6-5820-4FC1-AC1A-F71C6E493D8A}
	EndGlobalSection
	GlobalSection(ExtensibilityGlobals) = postSolution
		SolutionGuid = {A84F6C5D-1C3B-4FEB-AA53-80E14FE889D2}
	EndGlobalSection
EndGlobal
